
Microsoft Visual Studio Solution File, Format Version 12.00
# Visual Studio 15
Project("{FAE04EC0-301F-11D3-BF4B-00C04F79EFBC}") = "Unity.Timeline", "Unity.Timeline.csproj", "{E7243CC0-1504-922A-8900-21561277F701}"
EndProject
Project("{FAE04EC0-301F-11D3-BF4B-00C04F79EFBC}") = "Unity.Timeline.Editor", "Unity.Timeline.Editor.csproj", "{998FA95A-2419-4201-7F40-3BCAE97D7CF9}"
EndProject
Project("{FAE04EC0-301F-11D3-BF4B-00C04F79EFBC}") = "Unity.TextMeshPro.Editor", "Unity.TextMeshPro.Editor.csproj", "{111BC475-A6E5-0C24-2C9C-73EFC823A590}"
EndProject
Project("{FAE04EC0-301F-11D3-BF4B-00C04F79EFBC}") = "Unity.VisualScripting.Flow", "Unity.VisualScripting.Flow.csproj", "{81722A05-35CB-57FC-3088-CBDE2B457613}"
EndProject
Project("{FAE04EC0-301F-11D3-BF4B-00C04F79EFBC}") = "Unity.ProBuilder", "Unity.ProBuilder.csproj", "{515EA161-06C7-36AF-4AFB-894C60798046}"
EndProject
Project("{FAE04EC0-301F-11D3-BF4B-00C04F79EFBC}") = "Unity.PlasticSCM.Editor", "Unity.PlasticSCM.Editor.csproj", "{D059F10E-F577-A04F-FA58-54030292639A}"
EndProject
Project("{FAE04EC0-301F-11D3-BF4B-00C04F79EFBC}") = "Unity.InputSystem", "Unity.InputSystem.csproj", "{E1B4FF7B-5DDD-2994-5FAA-A9E21F013124}"
EndProject
Project("{FAE04EC0-301F-11D3-BF4B-00C04F79EFBC}") = "Unity.ProBuilder.Editor", "Unity.ProBuilder.Editor.csproj", "{A11023EA-49E7-C9C7-695D-EB5636A474AE}"
EndProject
Project("{FAE04EC0-301F-11D3-BF4B-00C04F79EFBC}") = "Unity.VisualScripting.Core", "Unity.VisualScripting.Core.csproj", "{08B470D5-C692-E1A6-38D2-2A6FC6C4B659}"
EndProject
Project("{FAE04EC0-301F-11D3-BF4B-00C04F79EFBC}") = "Unity.VisualScripting.Core.Editor", "Unity.VisualScripting.Core.Editor.csproj", "{97D8F31E-3D73-84CB-9856-FBFDFEAD6912}"
EndProject
Project("{FAE04EC0-301F-11D3-BF4B-00C04F79EFBC}") = "Unity.VisualScripting.Flow.Editor", "Unity.VisualScripting.Flow.Editor.csproj", "{5D79FF98-A5C3-C7F7-7704-A356D2EC72D1}"
EndProject
Project("{FAE04EC0-301F-11D3-BF4B-00C04F79EFBC}") = "UnityEditor.TestRunner", "UnityEditor.TestRunner.csproj", "{864B4CF0-FBB6-D8A6-583C-D0EBB44199F5}"
EndProject
Project("{FAE04EC0-301F-11D3-BF4B-00C04F79EFBC}") = "Unity.ProBuilder.Poly2Tri", "Unity.ProBuilder.Poly2Tri.csproj", "{C44A50E9-BE37-9C44-0251-D73073D13488}"
EndProject
Project("{FAE04EC0-301F-11D3-BF4B-00C04F79EFBC}") = "Unity.VisualScripting.SettingsProvider.Editor", "Unity.VisualScripting.SettingsProvider.Editor.csproj", "{52D57F99-3F70-DF65-DE25-BBB0525428CD}"
EndProject
Project("{FAE04EC0-301F-11D3-BF4B-00C04F79EFBC}") = "UnityEngine.TestRunner", "UnityEngine.TestRunner.csproj", "{A0F5F182-3D59-65D7-2C9A-C1AF9529366B}"
EndProject
Project("{FAE04EC0-301F-11D3-BF4B-00C04F79EFBC}") = "Unity.ProBuilder.Csg", "Unity.ProBuilder.Csg.csproj", "{122C6686-7540-1DAD-4C72-8DDFB8AA4590}"
EndProject
Project("{FAE04EC0-301F-11D3-BF4B-00C04F79EFBC}") = "Assembly-CSharp", "Assembly-CSharp.csproj", "{40553F83-1637-4339-8640-EAF1BFCF3B14}"
EndProject
Project("{FAE04EC0-301F-11D3-BF4B-00C04F79EFBC}") = "Unity.VisualStudio.Editor", "Unity.VisualStudio.Editor.csproj", "{29A00EBA-3B64-0D51-D364-5126F0AE896D}"
EndProject
Project("{FAE04EC0-301F-11D3-BF4B-00C04F79EFBC}") = "Assembly-CSharp-Editor", "Assembly-CSharp-Editor.csproj", "{3FB23E82-3900-CFAC-B93C-7197421720EA}"
EndProject
Project("{FAE04EC0-301F-11D3-BF4B-00C04F79EFBC}") = "Unity.TestTools.CodeCoverage.Editor.OpenCover.Model", "Unity.TestTools.CodeCoverage.Editor.OpenCover.Model.csproj", "{35DC6852-4C07-8D1D-6B8B-ADF6A1F58F25}"
EndProject
Project("{FAE04EC0-301F-11D3-BF4B-00C04F79EFBC}") = "Unity.Rider.Editor", "Unity.Rider.Editor.csproj", "{3F0EA3B5-73E6-0576-6163-F76452F57793}"
EndProject
Project("{FAE04EC0-301F-11D3-BF4B-00C04F79EFBC}") = "Unity.Postprocessing.Runtime", "Unity.Postprocessing.Runtime.csproj", "{9EE4233C-5CFF-EA2C-9376-486A5556EEF8}"
EndProject
Project("{FAE04EC0-301F-11D3-BF4B-00C04F79EFBC}") = "Unity.VisualScripting.State.Editor", "Unity.VisualScripting.State.Editor.csproj", "{A5E92937-35F8-9047-D4DC-0871721234E0}"
EndProject
Project("{FAE04EC0-301F-11D3-BF4B-00C04F79EFBC}") = "Unity.TestTools.CodeCoverage.Editor", "Unity.TestTools.CodeCoverage.Editor.csproj", "{D43EEF7A-2141-CCCF-E981-55C1F9394469}"
EndProject
Project("{FAE04EC0-301F-11D3-BF4B-00C04F79EFBC}") = "Unity.Postprocessing.Editor", "Unity.Postprocessing.Editor.csproj", "{01CD7E36-BB68-51E2-5536-EB6A0B485D23}"
EndProject
Project("{FAE04EC0-301F-11D3-BF4B-00C04F79EFBC}") = "Unity.VisualScripting.State", "Unity.VisualScripting.State.csproj", "{BE8D79ED-E4E0-EB32-EE08-627A008DFCD2}"
EndProject
Project("{FAE04EC0-301F-11D3-BF4B-00C04F79EFBC}") = "Unity.TextMeshPro", "Unity.TextMeshPro.csproj", "{22415C5C-F4F6-AB25-8B10-55EE33704755}"
EndProject
Project("{FAE04EC0-301F-11D3-BF4B-00C04F79EFBC}") = "Unity.Performance.Profile-Analyzer.Editor", "Unity.Performance.Profile-Analyzer.Editor.csproj", "{68CF15CC-2BD5-CFD9-8B3D-225F17E4B9F3}"
EndProject
Project("{FAE04EC0-301F-11D3-BF4B-00C04F79EFBC}") = "Unity.VSCode.Editor", "Unity.VSCode.Editor.csproj", "{471373FF-2DFC-A801-5184-FD9A7EB2E9D3}"
EndProject
Project("{FAE04EC0-301F-11D3-BF4B-00C04F79EFBC}") = "Unity.TestTools.CodeCoverage.Editor.OpenCover.Mono.Reflection", "Unity.TestTools.CodeCoverage.Editor.OpenCover.Mono.Reflection.csproj", "{E861EBA2-8A58-D301-BC4C-C76BA6C4D613}"
EndProject
Project("{FAE04EC0-301F-11D3-BF4B-00C04F79EFBC}") = "Unity.ProBuilder.Stl", "Unity.ProBuilder.Stl.csproj", "{DCFBC361-6054-1761-DAEE-DAEEEAAE392C}"
EndProject
Project("{FAE04EC0-301F-11D3-BF4B-00C04F79EFBC}") = "Unity.Settings.Editor", "Unity.Settings.Editor.csproj", "{F34B970C-421D-40A1-3E10-C6EF211BD193}"
EndProject
Project("{FAE04EC0-301F-11D3-BF4B-00C04F79EFBC}") = "Unity.ProBuilder.AssetIdRemapUtility", "Unity.ProBuilder.AssetIdRemapUtility.csproj", "{DB57AA64-249E-7258-69D5-E3AA217B6B91}"
EndProject
Project("{FAE04EC0-301F-11D3-BF4B-00C04F79EFBC}") = "Unity.ProBuilder.KdTree", "Unity.ProBuilder.KdTree.csproj", "{1AE5AB87-0E30-CAC4-314F-4D823FC59DA9}"
EndProject
Project("{FAE04EC0-301F-11D3-BF4B-00C04F79EFBC}") = "Unity.ProBuilder.AddOns.Editor", "Unity.ProBuilder.AddOns.Editor.csproj", "{FF550C52-30D4-4504-20B4-0FB40CF1003A}"
EndProject
Project("{FAE04EC0-301F-11D3-BF4B-00C04F79EFBC}") = "Unity.InputSystem.ForUI", "Unity.InputSystem.ForUI.csproj", "{E07690DC-E0C0-80D1-520C-9C8F55AA7727}"
EndProject
Project("{FAE04EC0-301F-11D3-BF4B-00C04F79EFBC}") = "Unity.EditorCoroutines.Editor", "Unity.EditorCoroutines.Editor.csproj", "{47E2412C-EFC2-A4D8-9958-7A033B22E806}"
EndProject
Project("{FAE04EC0-301F-11D3-BF4B-00C04F79EFBC}") = "Unity.InputSystem.TestFramework", "Unity.InputSystem.TestFramework.csproj", "{94020E05-7014-E740-8FEA-B6E9C74E37A4}"
EndProject
Project("{FAE04EC0-301F-11D3-BF4B-00C04F79EFBC}") = "Unity.VisualScripting.Shared.Editor", "Unity.VisualScripting.Shared.Editor.csproj", "{4278567E-1802-D0C4-3AB0-C442E6CC8806}"
EndProject
Project("{FAE04EC0-301F-11D3-BF4B-00C04F79EFBC}") = "Unity.CollabProxy.Editor", "Unity.CollabProxy.Editor.csproj", "{0042C50B-B47F-280F-4031-3778EEA94111}"
EndProject
Global
	GlobalSection(SolutionConfigurationPlatforms) = preSolution
		Debug|Any CPU = Debug|Any CPU
		Release|Any CPU = Release|Any CPU
	EndGlobalSection
	GlobalSection(ProjectConfigurationPlatforms) = postSolution
		{E7243CC0-1504-922A-8900-21561277F701}.Debug|Any CPU.ActiveCfg = Debug|Any CPU
		{E7243CC0-1504-922A-8900-21561277F701}.Debug|Any CPU.Build.0 = Debug|Any CPU
		{E7243CC0-1504-922A-8900-21561277F701}.Release|Any CPU.ActiveCfg = Release|Any CPU
		{E7243CC0-1504-922A-8900-21561277F701}.Release|Any CPU.Build.0 = Release|Any CPU
		{998FA95A-2419-4201-7F40-3BCAE97D7CF9}.Debug|Any CPU.ActiveCfg = Debug|Any CPU
		{998FA95A-2419-4201-7F40-3BCAE97D7CF9}.Debug|Any CPU.Build.0 = Debug|Any CPU
		{998FA95A-2419-4201-7F40-3BCAE97D7CF9}.Release|Any CPU.ActiveCfg = Release|Any CPU
		{998FA95A-2419-4201-7F40-3BCAE97D7CF9}.Release|Any CPU.Build.0 = Release|Any CPU
		{111BC475-A6E5-0C24-2C9C-73EFC823A590}.Debug|Any CPU.ActiveCfg = Debug|Any CPU
		{111BC475-A6E5-0C24-2C9C-73EFC823A590}.Debug|Any CPU.Build.0 = Debug|Any CPU
		{111BC475-A6E5-0C24-2C9C-73EFC823A590}.Release|Any CPU.ActiveCfg = Release|Any CPU
		{111BC475-A6E5-0C24-2C9C-73EFC823A590}.Release|Any CPU.Build.0 = Release|Any CPU
		{81722A05-35CB-57FC-3088-CBDE2B457613}.Debug|Any CPU.ActiveCfg = Debug|Any CPU
		{81722A05-35CB-57FC-3088-CBDE2B457613}.Debug|Any CPU.Build.0 = Debug|Any CPU
		{81722A05-35CB-57FC-3088-CBDE2B457613}.Release|Any CPU.ActiveCfg = Release|Any CPU
		{81722A05-35CB-57FC-3088-CBDE2B457613}.Release|Any CPU.Build.0 = Release|Any CPU
		{515EA161-06C7-36AF-4AFB-894C60798046}.Debug|Any CPU.ActiveCfg = Debug|Any CPU
		{515EA161-06C7-36AF-4AFB-894C60798046}.Debug|Any CPU.Build.0 = Debug|Any CPU
		{515EA161-06C7-36AF-4AFB-894C60798046}.Release|Any CPU.ActiveCfg = Release|Any CPU
		{515EA161-06C7-36AF-4AFB-894C60798046}.Release|Any CPU.Build.0 = Release|Any CPU
		{D059F10E-F577-A04F-FA58-54030292639A}.Debug|Any CPU.ActiveCfg = Debug|Any CPU
		{D059F10E-F577-A04F-FA58-54030292639A}.Debug|Any CPU.Build.0 = Debug|Any CPU
		{D059F10E-F577-A04F-FA58-54030292639A}.Release|Any CPU.ActiveCfg = Release|Any CPU
		{D059F10E-F577-A04F-FA58-54030292639A}.Release|Any CPU.Build.0 = Release|Any CPU
		{E1B4FF7B-5DDD-2994-5FAA-A9E21F013124}.Debug|Any CPU.ActiveCfg = Debug|Any CPU
		{E1B4FF7B-5DDD-2994-5FAA-A9E21F013124}.Debug|Any CPU.Build.0 = Debug|Any CPU
		{E1B4FF7B-5DDD-2994-5FAA-A9E21F013124}.Release|Any CPU.ActiveCfg = Release|Any CPU
		{E1B4FF7B-5DDD-2994-5FAA-A9E21F013124}.Release|Any CPU.Build.0 = Release|Any CPU
		{A11023EA-49E7-C9C7-695D-EB5636A474AE}.Debug|Any CPU.ActiveCfg = Debug|Any CPU
		{A11023EA-49E7-C9C7-695D-EB5636A474AE}.Debug|Any CPU.Build.0 = Debug|Any CPU
		{A11023EA-49E7-C9C7-695D-EB5636A474AE}.Release|Any CPU.ActiveCfg = Release|Any CPU
		{A11023EA-49E7-C9C7-695D-EB5636A474AE}.Release|Any CPU.Build.0 = Release|Any CPU
		{08B470D5-C692-E1A6-38D2-2A6FC6C4B659}.Debug|Any CPU.ActiveCfg = Debug|Any CPU
		{08B470D5-C692-E1A6-38D2-2A6FC6C4B659}.Debug|Any CPU.Build.0 = Debug|Any CPU
		{08B470D5-C692-E1A6-38D2-2A6FC6C4B659}.Release|Any CPU.ActiveCfg = Release|Any CPU
		{08B470D5-C692-E1A6-38D2-2A6FC6C4B659}.Release|Any CPU.Build.0 = Release|Any CPU
		{97D8F31E-3D73-84CB-9856-FBFDFEAD6912}.Debug|Any CPU.ActiveCfg = Debug|Any CPU
		{97D8F31E-3D73-84CB-9856-FBFDFEAD6912}.Debug|Any CPU.Build.0 = Debug|Any CPU
		{97D8F31E-3D73-84CB-9856-FBFDFEAD6912}.Release|Any CPU.ActiveCfg = Release|Any CPU
		{97D8F31E-3D73-84CB-9856-FBFDFEAD6912}.Release|Any CPU.Build.0 = Release|Any CPU
		{5D79FF98-A5C3-C7F7-7704-A356D2EC72D1}.Debug|Any CPU.ActiveCfg = Debug|Any CPU
		{5D79FF98-A5C3-C7F7-7704-A356D2EC72D1}.Debug|Any CPU.Build.0 = Debug|Any CPU
		{5D79FF98-A5C3-C7F7-7704-A356D2EC72D1}.Release|Any CPU.ActiveCfg = Release|Any CPU
		{5D79FF98-A5C3-C7F7-7704-A356D2EC72D1}.Release|Any CPU.Build.0 = Release|Any CPU
		{864B4CF0-FBB6-D8A6-583C-D0EBB44199F5}.Debug|Any CPU.ActiveCfg = Debug|Any CPU
		{864B4CF0-FBB6-D8A6-583C-D0EBB44199F5}.Debug|Any CPU.Build.0 = Debug|Any CPU
		{864B4CF0-FBB6-D8A6-583C-D0EBB44199F5}.Release|Any CPU.ActiveCfg = Release|Any CPU
		{864B4CF0-FBB6-D8A6-583C-D0EBB44199F5}.Release|Any CPU.Build.0 = Release|Any CPU
		{C44A50E9-BE37-9C44-0251-D73073D13488}.Debug|Any CPU.ActiveCfg = Debug|Any CPU
		{C44A50E9-BE37-9C44-0251-D73073D13488}.Debug|Any CPU.Build.0 = Debug|Any CPU
		{C44A50E9-BE37-9C44-0251-D73073D13488}.Release|Any CPU.ActiveCfg = Release|Any CPU
		{C44A50E9-BE37-9C44-0251-D73073D13488}.Release|Any CPU.Build.0 = Release|Any CPU
		{52D57F99-3F70-DF65-DE25-BBB0525428CD}.Debug|Any CPU.ActiveCfg = Debug|Any CPU
		{52D57F99-3F70-DF65-DE25-BBB0525428CD}.Debug|Any CPU.Build.0 = Debug|Any CPU
		{52D57F99-3F70-DF65-DE25-BBB0525428CD}.Release|Any CPU.ActiveCfg = Release|Any CPU
		{52D57F99-3F70-DF65-DE25-BBB0525428CD}.Release|Any CPU.Build.0 = Release|Any CPU
		{A0F5F182-3D59-65D7-2C9A-C1AF9529366B}.Debug|Any CPU.ActiveCfg = Debug|Any CPU
		{A0F5F182-3D59-65D7-2C9A-C1AF9529366B}.Debug|Any CPU.Build.0 = Debug|Any CPU
		{A0F5F182-3D59-65D7-2C9A-C1AF9529366B}.Release|Any CPU.ActiveCfg = Release|Any CPU
		{A0F5F182-3D59-65D7-2C9A-C1AF9529366B}.Release|Any CPU.Build.0 = Release|Any CPU
		{122C6686-7540-1DAD-4C72-8DDFB8AA4590}.Debug|Any CPU.ActiveCfg = Debug|Any CPU
		{122C6686-7540-1DAD-4C72-8DDFB8AA4590}.Debug|Any CPU.Build.0 = Debug|Any CPU
		{122C6686-7540-1DAD-4C72-8DDFB8AA4590}.Release|Any CPU.ActiveCfg = Release|Any CPU
		{122C6686-7540-1DAD-4C72-8DDFB8AA4590}.Release|Any CPU.Build.0 = Release|Any CPU
		{40553F83-1637-4339-8640-EAF1BFCF3B14}.Debug|Any CPU.ActiveCfg = Debug|Any CPU
		{40553F83-1637-4339-8640-EAF1BFCF3B14}.Debug|Any CPU.Build.0 = Debug|Any CPU
		{40553F83-1637-4339-8640-EAF1BFCF3B14}.Release|Any CPU.ActiveCfg = Release|Any CPU
		{40553F83-1637-4339-8640-EAF1BFCF3B14}.Release|Any CPU.Build.0 = Release|Any CPU
		{29A00EBA-3B64-0D51-D364-5126F0AE896D}.Debug|Any CPU.ActiveCfg = Debug|Any CPU
		{29A00EBA-3B64-0D51-D364-5126F0AE896D}.Debug|Any CPU.Build.0 = Debug|Any CPU
		{29A00EBA-3B64-0D51-D364-5126F0AE896D}.Release|Any CPU.ActiveCfg = Release|Any CPU
		{29A00EBA-3B64-0D51-D364-5126F0AE896D}.Release|Any CPU.Build.0 = Release|Any CPU
		{3FB23E82-3900-CFAC-B93C-7197421720EA}.Debug|Any CPU.ActiveCfg = Debug|Any CPU
		{3FB23E82-3900-CFAC-B93C-7197421720EA}.Debug|Any CPU.Build.0 = Debug|Any CPU
		{3FB23E82-3900-CFAC-B93C-7197421720EA}.Release|Any CPU.ActiveCfg = Release|Any CPU
		{3FB23E82-3900-CFAC-B93C-7197421720EA}.Release|Any CPU.Build.0 = Release|Any CPU
		{35DC6852-4C07-8D1D-6B8B-ADF6A1F58F25}.Debug|Any CPU.ActiveCfg = Debug|Any CPU
		{35DC6852-4C07-8D1D-6B8B-ADF6A1F58F25}.Debug|Any CPU.Build.0 = Debug|Any CPU
		{35DC6852-4C07-8D1D-6B8B-ADF6A1F58F25}.Release|Any CPU.ActiveCfg = Release|Any CPU
		{35DC6852-4C07-8D1D-6B8B-ADF6A1F58F25}.Release|Any CPU.Build.0 = Release|Any CPU
		{3F0EA3B5-73E6-0576-6163-F76452F57793}.Debug|Any CPU.ActiveCfg = Debug|Any CPU
		{3F0EA3B5-73E6-0576-6163-F76452F57793}.Debug|Any CPU.Build.0 = Debug|Any CPU
		{3F0EA3B5-73E6-0576-6163-F76452F57793}.Release|Any CPU.ActiveCfg = Release|Any CPU
		{3F0EA3B5-73E6-0576-6163-F76452F57793}.Release|Any CPU.Build.0 = Release|Any CPU
		{9EE4233C-5CFF-EA2C-9376-486A5556EEF8}.Debug|Any CPU.ActiveCfg = Debug|Any CPU
		{9EE4233C-5CFF-EA2C-9376-486A5556EEF8}.Debug|Any CPU.Build.0 = Debug|Any CPU
		{9EE4233C-5CFF-EA2C-9376-486A5556EEF8}.Release|Any CPU.ActiveCfg = Release|Any CPU
		{9EE4233C-5CFF-EA2C-9376-486A5556EEF8}.Release|Any CPU.Build.0 = Release|Any CPU
		{A5E92937-35F8-9047-D4DC-0871721234E0}.Debug|Any CPU.ActiveCfg = Debug|Any CPU
		{A5E92937-35F8-9047-D4DC-0871721234E0}.Debug|Any CPU.Build.0 = Debug|Any CPU
		{A5E92937-35F8-9047-D4DC-0871721234E0}.Release|Any CPU.ActiveCfg = Release|Any CPU
		{A5E92937-35F8-9047-D4DC-0871721234E0}.Release|Any CPU.Build.0 = Release|Any CPU
		{D43EEF7A-2141-CCCF-E981-55C1F9394469}.Debug|Any CPU.ActiveCfg = Debug|Any CPU
		{D43EEF7A-2141-CCCF-E981-55C1F9394469}.Debug|Any CPU.Build.0 = Debug|Any CPU
		{D43EEF7A-2141-CCCF-E981-55C1F9394469}.Release|Any CPU.ActiveCfg = Release|Any CPU
		{D43EEF7A-2141-CCCF-E981-55C1F9394469}.Release|Any CPU.Build.0 = Release|Any CPU
		{01CD7E36-BB68-51E2-5536-EB6A0B485D23}.Debug|Any CPU.ActiveCfg = Debug|Any CPU
		{01CD7E36-BB68-51E2-5536-EB6A0B485D23}.Debug|Any CPU.Build.0 = Debug|Any CPU
		{01CD7E36-BB68-51E2-5536-EB6A0B485D23}.Release|Any CPU.ActiveCfg = Release|Any CPU
		{01CD7E36-BB68-51E2-5536-EB6A0B485D23}.Release|Any CPU.Build.0 = Release|Any CPU
		{BE8D79ED-E4E0-EB32-EE08-627A008DFCD2}.Debug|Any CPU.ActiveCfg = Debug|Any CPU
		{BE8D79ED-E4E0-EB32-EE08-627A008DFCD2}.Debug|Any CPU.Build.0 = Debug|Any CPU
		{BE8D79ED-E4E0-EB32-EE08-627A008DFCD2}.Release|Any CPU.ActiveCfg = Release|Any CPU
		{BE8D79ED-E4E0-EB32-EE08-627A008DFCD2}.Release|Any CPU.Build.0 = Release|Any CPU
		{22415C5C-F4F6-AB25-8B10-55EE33704755}.Debug|Any CPU.ActiveCfg = Debug|Any CPU
		{22415C5C-F4F6-AB25-8B10-55EE33704755}.Debug|Any CPU.Build.0 = Debug|Any CPU
		{22415C5C-F4F6-AB25-8B10-55EE33704755}.Release|Any CPU.ActiveCfg = Release|Any CPU
		{22415C5C-F4F6-AB25-8B10-55EE33704755}.Release|Any CPU.Build.0 = Release|Any CPU
		{68CF15CC-2BD5-CFD9-8B3D-225F17E4B9F3}.Debug|Any CPU.ActiveCfg = Debug|Any CPU
		{68CF15CC-2BD5-CFD9-8B3D-225F17E4B9F3}.Debug|Any CPU.Build.0 = Debug|Any CPU
		{68CF15CC-2BD5-CFD9-8B3D-225F17E4B9F3}.Release|Any CPU.ActiveCfg = Release|Any CPU
		{68CF15CC-2BD5-CFD9-8B3D-225F17E4B9F3}.Release|Any CPU.Build.0 = Release|Any CPU
		{471373FF-2DFC-A801-5184-FD9A7EB2E9D3}.Debug|Any CPU.ActiveCfg = Debug|Any CPU
		{471373FF-2DFC-A801-5184-FD9A7EB2E9D3}.Debug|Any CPU.Build.0 = Debug|Any CPU
		{471373FF-2DFC-A801-5184-FD9A7EB2E9D3}.Release|Any CPU.ActiveCfg = Release|Any CPU
		{471373FF-2DFC-A801-5184-FD9A7EB2E9D3}.Release|Any CPU.Build.0 = Release|Any CPU
		{E861EBA2-8A58-D301-BC4C-C76BA6C4D613}.Debug|Any CPU.ActiveCfg = Debug|Any CPU
		{E861EBA2-8A58-D301-BC4C-C76BA6C4D613}.Debug|Any CPU.Build.0 = Debug|Any CPU
		{E861EBA2-8A58-D301-BC4C-C76BA6C4D613}.Release|Any CPU.ActiveCfg = Release|Any CPU
		{E861EBA2-8A58-D301-BC4C-C76BA6C4D613}.Release|Any CPU.Build.0 = Release|Any CPU
		{DCFBC361-6054-1761-DAEE-DAEEEAAE392C}.Debug|Any CPU.ActiveCfg = Debug|Any CPU
		{DCFBC361-6054-1761-DAEE-DAEEEAAE392C}.Debug|Any CPU.Build.0 = Debug|Any CPU
		{DCFBC361-6054-1761-DAEE-DAEEEAAE392C}.Release|Any CPU.ActiveCfg = Release|Any CPU
		{DCFBC361-6054-1761-DAEE-DAEEEAAE392C}.Release|Any CPU.Build.0 = Release|Any CPU
		{F34B970C-421D-40A1-3E10-C6EF211BD193}.Debug|Any CPU.ActiveCfg = Debug|Any CPU
		{F34B970C-421D-40A1-3E10-C6EF211BD193}.Debug|Any CPU.Build.0 = Debug|Any CPU
		{F34B970C-421D-40A1-3E10-C6EF211BD193}.Release|Any CPU.ActiveCfg = Release|Any CPU
		{F34B970C-421D-40A1-3E10-C6EF211BD193}.Release|Any CPU.Build.0 = Release|Any CPU
		{DB57AA64-249E-7258-69D5-E3AA217B6B91}.Debug|Any CPU.ActiveCfg = Debug|Any CPU
		{DB57AA64-249E-7258-69D5-E3AA217B6B91}.Debug|Any CPU.Build.0 = Debug|Any CPU
		{DB57AA64-249E-7258-69D5-E3AA217B6B91}.Release|Any CPU.ActiveCfg = Release|Any CPU
		{DB57AA64-249E-7258-69D5-E3AA217B6B91}.Release|Any CPU.Build.0 = Release|Any CPU
		{1AE5AB87-0E30-CAC4-314F-4D823FC59DA9}.Debug|Any CPU.ActiveCfg = Debug|Any CPU
		{1AE5AB87-0E30-CAC4-314F-4D823FC59DA9}.Debug|Any CPU.Build.0 = Debug|Any CPU
		{1AE5AB87-0E30-CAC4-314F-4D823FC59DA9}.Release|Any CPU.ActiveCfg = Release|Any CPU
		{1AE5AB87-0E30-CAC4-314F-4D823FC59DA9}.Release|Any CPU.Build.0 = Release|Any CPU
		{FF550C52-30D4-4504-20B4-0FB40CF1003A}.Debug|Any CPU.ActiveCfg = Debug|Any CPU
		{FF550C52-30D4-4504-20B4-0FB40CF1003A}.Debug|Any CPU.Build.0 = Debug|Any CPU
		{FF550C52-30D4-4504-20B4-0FB40CF1003A}.Release|Any CPU.ActiveCfg = Release|Any CPU
		{FF550C52-30D4-4504-20B4-0FB40CF1003A}.Release|Any CPU.Build.0 = Release|Any CPU
		{E07690DC-E0C0-80D1-520C-9C8F55AA7727}.Debug|Any CPU.ActiveCfg = Debug|Any CPU
		{E07690DC-E0C0-80D1-520C-9C8F55AA7727}.Debug|Any CPU.Build.0 = Debug|Any CPU
		{E07690DC-E0C0-80D1-520C-9C8F55AA7727}.Release|Any CPU.ActiveCfg = Release|Any CPU
		{E07690DC-E0C0-80D1-520C-9C8F55AA7727}.Release|Any CPU.Build.0 = Release|Any CPU
		{47E2412C-EFC2-A4D8-9958-7A033B22E806}.Debug|Any CPU.ActiveCfg = Debug|Any CPU
		{47E2412C-EFC2-A4D8-9958-7A033B22E806}.Debug|Any CPU.Build.0 = Debug|Any CPU
		{47E2412C-EFC2-A4D8-9958-7A033B22E806}.Release|Any CPU.ActiveCfg = Release|Any CPU
		{47E2412C-EFC2-A4D8-9958-7A033B22E806}.Release|Any CPU.Build.0 = Release|Any CPU
		{94020E05-7014-E740-8FEA-B6E9C74E37A4}.Debug|Any CPU.ActiveCfg = Debug|Any CPU
		{94020E05-7014-E740-8FEA-B6E9C74E37A4}.Debug|Any CPU.Build.0 = Debug|Any CPU
		{94020E05-7014-E740-8FEA-B6E9C74E37A4}.Release|Any CPU.ActiveCfg = Release|Any CPU
		{94020E05-7014-E740-8FEA-B6E9C74E37A4}.Release|Any CPU.Build.0 = Release|Any CPU
		{4278567E-1802-D0C4-3AB0-C442E6CC8806}.Debug|Any CPU.ActiveCfg = Debug|Any CPU
		{4278567E-1802-D0C4-3AB0-C442E6CC8806}.Debug|Any CPU.Build.0 = Debug|Any CPU
		{4278567E-1802-D0C4-3AB0-C442E6CC8806}.Release|Any CPU.ActiveCfg = Release|Any CPU
		{4278567E-1802-D0C4-3AB0-C442E6CC8806}.Release|Any CPU.Build.0 = Release|Any CPU
		{0042C50B-B47F-280F-4031-3778EEA94111}.Debug|Any CPU.ActiveCfg = Debug|Any CPU
		{0042C50B-B47F-280F-4031-3778EEA94111}.Debug|Any CPU.Build.0 = Debug|Any CPU
		{0042C50B-B47F-280F-4031-3778EEA94111}.Release|Any CPU.ActiveCfg = Release|Any CPU
		{0042C50B-B47F-280F-4031-3778EEA94111}.Release|Any CPU.Build.0 = Release|Any CPU
	EndGlobalSection
	GlobalSection(SolutionProperties) = preSolution
		HideSolutionNode = FALSE
	EndGlobalSection
EndGlobal
